name: Clear Terraform Lock

on:
  workflow_dispatch:

jobs:
  unlock:
    runs-on: ubuntu-latest
    steps:
      - name: Set up AWS CLI
        uses: aws-actions/configure-aws-credentials@v4
        with:
          aws-access-key-id: ${{ secrets.AWS_ACCESS_KEY_ID }}
          aws-secret-access-key: ${{ secrets.AWS_SECRET_ACCESS_KEY }}
          aws-region: eu-central-1

      - name: Delete Terraform lock from DynamoDB
        run: |
          aws dynamodb delete-item \
            --table-name terraform-lock-table \
            --key '{"LockID": {"S": "navot-terraform-state-1/mongodb/terraform.tfstate"}}'
